
Microsoft Visual Studio Solution File, Format Version 12.00
# Visual Studio Version 17
VisualStudioVersion = 17.8.34322.80
MinimumVisualStudioVersion = 10.0.40219.1
Project("{FAE04EC0-301F-11D3-BF4B-00C04F79EFBC}") = "21.07.2024_orn3", "21.07.2024_orn3\21.07.2024_orn3.csproj", "{E481B9A0-9F63-4080-9B3E-BAFAA3CBF435}"
EndProject
Global
	GlobalSection(SolutionConfigurationPlatforms) = preSolution
		Debug|Any CPU = Debug|Any CPU
		Release|Any CPU = Release|Any CPU
	EndGlobalSection
	GlobalSection(ProjectConfigurationPlatforms) = postSolution
		{E481B9A0-9F63-4080-9B3E-BAFAA3CBF435}.Debug|Any CPU.ActiveCfg = Debug|Any CPU
		{E481B9A0-9F63-4080-9B3E-BAFAA3CBF435}.Debug|Any CPU.Build.0 = Debug|Any CPU
		{E481B9A0-9F63-4080-9B3E-BAFAA3CBF435}.Release|Any CPU.ActiveCfg = Release|Any CPU
		{E481B9A0-9F63-4080-9B3E-BAFAA3CBF435}.Release|Any CPU.Build.0 = Release|Any CPU
	EndGlobalSection
	GlobalSection(SolutionProperties) = preSolution
		HideSolutionNode = FALSE
	EndGlobalSection
	GlobalSection(ExtensibilityGlobals) = postSolution
		SolutionGuid = {0ACDA711-E9CC-4F9C-97B7-F62F39B7D273}
	EndGlobalSection
EndGlobal
