
Microsoft Visual Studio Solution File, Format Version 12.00
# Visual Studio Version 17
VisualStudioVersion = 17.8.34322.80
MinimumVisualStudioVersion = 10.0.40219.1
Project("{FAE04EC0-301F-11D3-BF4B-00C04F79EFBC}") = "07.07.2024_1", "07.07.2024_1\07.07.2024_1.csproj", "{D272B98B-2FFD-478C-A1FE-FE1BC6EED52D}"
EndProject
Global
	GlobalSection(SolutionConfigurationPlatforms) = preSolution
		Debug|Any CPU = Debug|Any CPU
		Release|Any CPU = Release|Any CPU
	EndGlobalSection
	GlobalSection(ProjectConfigurationPlatforms) = postSolution
		{D272B98B-2FFD-478C-A1FE-FE1BC6EED52D}.Debug|Any CPU.ActiveCfg = Debug|Any CPU
		{D272B98B-2FFD-478C-A1FE-FE1BC6EED52D}.Debug|Any CPU.Build.0 = Debug|Any CPU
		{D272B98B-2FFD-478C-A1FE-FE1BC6EED52D}.Release|Any CPU.ActiveCfg = Release|Any CPU
		{D272B98B-2FFD-478C-A1FE-FE1BC6EED52D}.Release|Any CPU.Build.0 = Release|Any CPU
	EndGlobalSection
	GlobalSection(SolutionProperties) = preSolution
		HideSolutionNode = FALSE
	EndGlobalSection
	GlobalSection(ExtensibilityGlobals) = postSolution
		SolutionGuid = {65706242-676D-4FB4-8CDD-FD2601E2FBDE}
	EndGlobalSection
EndGlobal
