
Microsoft Visual Studio Solution File, Format Version 12.00
# Visual Studio Version 17
VisualStudioVersion = 17.8.34322.80
MinimumVisualStudioVersion = 10.0.40219.1
Project("{FAE04EC0-301F-11D3-BF4B-00C04F79EFBC}") = "06.07.2024_ders3_2", "06.07.2024_ders3_2\06.07.2024_ders3_2.csproj", "{4FAF01B3-5D59-4722-8B4F-5D4EA0830B23}"
EndProject
Global
	GlobalSection(SolutionConfigurationPlatforms) = preSolution
		Debug|Any CPU = Debug|Any CPU
		Release|Any CPU = Release|Any CPU
	EndGlobalSection
	GlobalSection(ProjectConfigurationPlatforms) = postSolution
		{4FAF01B3-5D59-4722-8B4F-5D4EA0830B23}.Debug|Any CPU.ActiveCfg = Debug|Any CPU
		{4FAF01B3-5D59-4722-8B4F-5D4EA0830B23}.Debug|Any CPU.Build.0 = Debug|Any CPU
		{4FAF01B3-5D59-4722-8B4F-5D4EA0830B23}.Release|Any CPU.ActiveCfg = Release|Any CPU
		{4FAF01B3-5D59-4722-8B4F-5D4EA0830B23}.Release|Any CPU.Build.0 = Release|Any CPU
	EndGlobalSection
	GlobalSection(SolutionProperties) = preSolution
		HideSolutionNode = FALSE
	EndGlobalSection
	GlobalSection(ExtensibilityGlobals) = postSolution
		SolutionGuid = {D7E8A57C-E699-4A5B-8034-B7363BF50A59}
	EndGlobalSection
EndGlobal
