
Microsoft Visual Studio Solution File, Format Version 12.00
# Visual Studio Version 17
VisualStudioVersion = 17.10.34928.147
MinimumVisualStudioVersion = 10.0.40219.1
Project("{FAE04EC0-301F-11D3-BF4B-00C04F79EFBC}") = "06.07.2024_odev2", "06.07.2024_odev2.csproj", "{20C9D7CC-B12D-484E-A92A-C95A0BC05DC6}"
EndProject
Global
	GlobalSection(SolutionConfigurationPlatforms) = preSolution
		Debug|Any CPU = Debug|Any CPU
		Release|Any CPU = Release|Any CPU
	EndGlobalSection
	GlobalSection(ProjectConfigurationPlatforms) = postSolution
		{20C9D7CC-B12D-484E-A92A-C95A0BC05DC6}.Debug|Any CPU.ActiveCfg = Debug|Any CPU
		{20C9D7CC-B12D-484E-A92A-C95A0BC05DC6}.Debug|Any CPU.Build.0 = Debug|Any CPU
		{20C9D7CC-B12D-484E-A92A-C95A0BC05DC6}.Release|Any CPU.ActiveCfg = Release|Any CPU
		{20C9D7CC-B12D-484E-A92A-C95A0BC05DC6}.Release|Any CPU.Build.0 = Release|Any CPU
	EndGlobalSection
	GlobalSection(SolutionProperties) = preSolution
		HideSolutionNode = FALSE
	EndGlobalSection
	GlobalSection(ExtensibilityGlobals) = postSolution
		SolutionGuid = {3CE4DEF9-93FC-484C-A83E-2B5935871D80}
	EndGlobalSection
EndGlobal
