
Microsoft Visual Studio Solution File, Format Version 12.00
# Visual Studio Version 17
VisualStudioVersion = 17.8.34322.80
MinimumVisualStudioVersion = 10.0.40219.1
Project("{FAE04EC0-301F-11D3-BF4B-00C04F79EFBC}") = "14.07.2024form", "14.07.2024form\14.07.2024form.csproj", "{8F2B8E51-9E1C-4ACD-A139-73D785AF9F5D}"
EndProject
Global
	GlobalSection(SolutionConfigurationPlatforms) = preSolution
		Debug|Any CPU = Debug|Any CPU
		Release|Any CPU = Release|Any CPU
	EndGlobalSection
	GlobalSection(ProjectConfigurationPlatforms) = postSolution
		{8F2B8E51-9E1C-4ACD-A139-73D785AF9F5D}.Debug|Any CPU.ActiveCfg = Debug|Any CPU
		{8F2B8E51-9E1C-4ACD-A139-73D785AF9F5D}.Debug|Any CPU.Build.0 = Debug|Any CPU
		{8F2B8E51-9E1C-4ACD-A139-73D785AF9F5D}.Release|Any CPU.ActiveCfg = Release|Any CPU
		{8F2B8E51-9E1C-4ACD-A139-73D785AF9F5D}.Release|Any CPU.Build.0 = Release|Any CPU
	EndGlobalSection
	GlobalSection(SolutionProperties) = preSolution
		HideSolutionNode = FALSE
	EndGlobalSection
	GlobalSection(ExtensibilityGlobals) = postSolution
		SolutionGuid = {43B85EE1-45B8-4F19-9D0C-FD09D8DEB996}
	EndGlobalSection
EndGlobal
