
Microsoft Visual Studio Solution File, Format Version 12.00
# Visual Studio Version 17
VisualStudioVersion = 17.8.34322.80
MinimumVisualStudioVersion = 10.0.40219.1
Project("{FAE04EC0-301F-11D3-BF4B-00C04F79EFBC}") = "20.07.2024_orn4", "20.07.2024_orn4\20.07.2024_orn4.csproj", "{C0FE89C5-F8C9-4B28-A421-BCD2EBF07C37}"
EndProject
Global
	GlobalSection(SolutionConfigurationPlatforms) = preSolution
		Debug|Any CPU = Debug|Any CPU
		Release|Any CPU = Release|Any CPU
	EndGlobalSection
	GlobalSection(ProjectConfigurationPlatforms) = postSolution
		{C0FE89C5-F8C9-4B28-A421-BCD2EBF07C37}.Debug|Any CPU.ActiveCfg = Debug|Any CPU
		{C0FE89C5-F8C9-4B28-A421-BCD2EBF07C37}.Debug|Any CPU.Build.0 = Debug|Any CPU
		{C0FE89C5-F8C9-4B28-A421-BCD2EBF07C37}.Release|Any CPU.ActiveCfg = Release|Any CPU
		{C0FE89C5-F8C9-4B28-A421-BCD2EBF07C37}.Release|Any CPU.Build.0 = Release|Any CPU
	EndGlobalSection
	GlobalSection(SolutionProperties) = preSolution
		HideSolutionNode = FALSE
	EndGlobalSection
	GlobalSection(ExtensibilityGlobals) = postSolution
		SolutionGuid = {C304FD59-9E39-425A-8A3E-7963D1B16ED4}
	EndGlobalSection
EndGlobal
