
Microsoft Visual Studio Solution File, Format Version 12.00
# Visual Studio Version 17
VisualStudioVersion = 17.7.34202.233
MinimumVisualStudioVersion = 10.0.40219.1
Project("{FAE04EC0-301F-11D3-BF4B-00C04F79EFBC}") = "Ornek3", "Ornek3\Ornek3.csproj", "{0DBBF529-11F3-42B2-9829-A42B07E1AF32}"
EndProject
Global
	GlobalSection(SolutionConfigurationPlatforms) = preSolution
		Debug|Any CPU = Debug|Any CPU
		Release|Any CPU = Release|Any CPU
	EndGlobalSection
	GlobalSection(ProjectConfigurationPlatforms) = postSolution
		{0DBBF529-11F3-42B2-9829-A42B07E1AF32}.Debug|Any CPU.ActiveCfg = Debug|Any CPU
		{0DBBF529-11F3-42B2-9829-A42B07E1AF32}.Debug|Any CPU.Build.0 = Debug|Any CPU
		{0DBBF529-11F3-42B2-9829-A42B07E1AF32}.Release|Any CPU.ActiveCfg = Release|Any CPU
		{0DBBF529-11F3-42B2-9829-A42B07E1AF32}.Release|Any CPU.Build.0 = Release|Any CPU
	EndGlobalSection
	GlobalSection(SolutionProperties) = preSolution
		HideSolutionNode = FALSE
	EndGlobalSection
	GlobalSection(ExtensibilityGlobals) = postSolution
		SolutionGuid = {F555333E-4DA8-4DEE-A436-5396BDE6C4C7}
	EndGlobalSection
EndGlobal
