
Microsoft Visual Studio Solution File, Format Version 12.00
# Visual Studio Version 17
VisualStudioVersion = 17.8.34322.80
MinimumVisualStudioVersion = 10.0.40219.1
Project("{FAE04EC0-301F-11D3-BF4B-00C04F79EFBC}") = "20.07.2024_orn6", "20.07.2024_orn6\20.07.2024_orn6.csproj", "{FF49AEDE-E812-4733-A266-85C9240C34E2}"
EndProject
Global
	GlobalSection(SolutionConfigurationPlatforms) = preSolution
		Debug|Any CPU = Debug|Any CPU
		Release|Any CPU = Release|Any CPU
	EndGlobalSection
	GlobalSection(ProjectConfigurationPlatforms) = postSolution
		{FF49AEDE-E812-4733-A266-85C9240C34E2}.Debug|Any CPU.ActiveCfg = Debug|Any CPU
		{FF49AEDE-E812-4733-A266-85C9240C34E2}.Debug|Any CPU.Build.0 = Debug|Any CPU
		{FF49AEDE-E812-4733-A266-85C9240C34E2}.Release|Any CPU.ActiveCfg = Release|Any CPU
		{FF49AEDE-E812-4733-A266-85C9240C34E2}.Release|Any CPU.Build.0 = Release|Any CPU
	EndGlobalSection
	GlobalSection(SolutionProperties) = preSolution
		HideSolutionNode = FALSE
	EndGlobalSection
	GlobalSection(ExtensibilityGlobals) = postSolution
		SolutionGuid = {9A93C3A6-C1B5-4387-87AA-BDBC0B43DDB6}
	EndGlobalSection
EndGlobal
