
Microsoft Visual Studio Solution File, Format Version 12.00
# Visual Studio Version 17
VisualStudioVersion = 17.8.34322.80
MinimumVisualStudioVersion = 10.0.40219.1
Project("{FAE04EC0-301F-11D3-BF4B-00C04F79EFBC}") = "14.07.2024form5", "14.07.2024form5\14.07.2024form5.csproj", "{79B76FAA-56F6-4AAC-AAA7-885D8BAD87DF}"
EndProject
Global
	GlobalSection(SolutionConfigurationPlatforms) = preSolution
		Debug|Any CPU = Debug|Any CPU
		Release|Any CPU = Release|Any CPU
	EndGlobalSection
	GlobalSection(ProjectConfigurationPlatforms) = postSolution
		{79B76FAA-56F6-4AAC-AAA7-885D8BAD87DF}.Debug|Any CPU.ActiveCfg = Debug|Any CPU
		{79B76FAA-56F6-4AAC-AAA7-885D8BAD87DF}.Debug|Any CPU.Build.0 = Debug|Any CPU
		{79B76FAA-56F6-4AAC-AAA7-885D8BAD87DF}.Release|Any CPU.ActiveCfg = Release|Any CPU
		{79B76FAA-56F6-4AAC-AAA7-885D8BAD87DF}.Release|Any CPU.Build.0 = Release|Any CPU
	EndGlobalSection
	GlobalSection(SolutionProperties) = preSolution
		HideSolutionNode = FALSE
	EndGlobalSection
	GlobalSection(ExtensibilityGlobals) = postSolution
		SolutionGuid = {C7AFA682-C9F0-4523-B8CE-73B5538E9B31}
	EndGlobalSection
EndGlobal
