
Microsoft Visual Studio Solution File, Format Version 12.00
# Visual Studio Version 17
VisualStudioVersion = 17.8.34322.80
MinimumVisualStudioVersion = 10.0.40219.1
Project("{FAE04EC0-301F-11D3-BF4B-00C04F79EFBC}") = "20._07._2024_orn7", "20._07._2024_orn7\20._07._2024_orn7.csproj", "{9962C895-1DDE-419E-B4FA-4368C16DF4A9}"
EndProject
Global
	GlobalSection(SolutionConfigurationPlatforms) = preSolution
		Debug|Any CPU = Debug|Any CPU
		Release|Any CPU = Release|Any CPU
	EndGlobalSection
	GlobalSection(ProjectConfigurationPlatforms) = postSolution
		{9962C895-1DDE-419E-B4FA-4368C16DF4A9}.Debug|Any CPU.ActiveCfg = Debug|Any CPU
		{9962C895-1DDE-419E-B4FA-4368C16DF4A9}.Debug|Any CPU.Build.0 = Debug|Any CPU
		{9962C895-1DDE-419E-B4FA-4368C16DF4A9}.Release|Any CPU.ActiveCfg = Release|Any CPU
		{9962C895-1DDE-419E-B4FA-4368C16DF4A9}.Release|Any CPU.Build.0 = Release|Any CPU
	EndGlobalSection
	GlobalSection(SolutionProperties) = preSolution
		HideSolutionNode = FALSE
	EndGlobalSection
	GlobalSection(ExtensibilityGlobals) = postSolution
		SolutionGuid = {252AF19A-0133-4828-8C22-467C859C964C}
	EndGlobalSection
EndGlobal
