
Microsoft Visual Studio Solution File, Format Version 12.00
# Visual Studio Version 17
VisualStudioVersion = 17.7.34202.233
MinimumVisualStudioVersion = 10.0.40219.1
Project("{FAE04EC0-301F-11D3-BF4B-00C04F79EFBC}") = "Ornek4", "Ornek4\Ornek4.csproj", "{505BC53F-AA93-4B63-A550-8A34CD2EF286}"
EndProject
Global
	GlobalSection(SolutionConfigurationPlatforms) = preSolution
		Debug|Any CPU = Debug|Any CPU
		Release|Any CPU = Release|Any CPU
	EndGlobalSection
	GlobalSection(ProjectConfigurationPlatforms) = postSolution
		{505BC53F-AA93-4B63-A550-8A34CD2EF286}.Debug|Any CPU.ActiveCfg = Debug|Any CPU
		{505BC53F-AA93-4B63-A550-8A34CD2EF286}.Debug|Any CPU.Build.0 = Debug|Any CPU
		{505BC53F-AA93-4B63-A550-8A34CD2EF286}.Release|Any CPU.ActiveCfg = Release|Any CPU
		{505BC53F-AA93-4B63-A550-8A34CD2EF286}.Release|Any CPU.Build.0 = Release|Any CPU
	EndGlobalSection
	GlobalSection(SolutionProperties) = preSolution
		HideSolutionNode = FALSE
	EndGlobalSection
	GlobalSection(ExtensibilityGlobals) = postSolution
		SolutionGuid = {1FAADDDE-C6CF-4996-BC66-C4A51F248CC8}
	EndGlobalSection
EndGlobal
