
Microsoft Visual Studio Solution File, Format Version 12.00
# Visual Studio Version 17
VisualStudioVersion = 17.8.34322.80
MinimumVisualStudioVersion = 10.0.40219.1
Project("{FAE04EC0-301F-11D3-BF4B-00C04F79EFBC}") = "06.07.2024_ders3", "06.07.2024_ders3\06.07.2024_ders3.csproj", "{18BBF830-45F7-4E12-A87F-8100BC25E8B0}"
EndProject
Global
	GlobalSection(SolutionConfigurationPlatforms) = preSolution
		Debug|Any CPU = Debug|Any CPU
		Release|Any CPU = Release|Any CPU
	EndGlobalSection
	GlobalSection(ProjectConfigurationPlatforms) = postSolution
		{18BBF830-45F7-4E12-A87F-8100BC25E8B0}.Debug|Any CPU.ActiveCfg = Debug|Any CPU
		{18BBF830-45F7-4E12-A87F-8100BC25E8B0}.Debug|Any CPU.Build.0 = Debug|Any CPU
		{18BBF830-45F7-4E12-A87F-8100BC25E8B0}.Release|Any CPU.ActiveCfg = Release|Any CPU
		{18BBF830-45F7-4E12-A87F-8100BC25E8B0}.Release|Any CPU.Build.0 = Release|Any CPU
	EndGlobalSection
	GlobalSection(SolutionProperties) = preSolution
		HideSolutionNode = FALSE
	EndGlobalSection
	GlobalSection(ExtensibilityGlobals) = postSolution
		SolutionGuid = {19CE3E38-D258-4B7E-803E-05D2EF3293C0}
	EndGlobalSection
EndGlobal
