
Microsoft Visual Studio Solution File, Format Version 12.00
# Visual Studio Version 17
VisualStudioVersion = 17.7.34202.233
MinimumVisualStudioVersion = 10.0.40219.1
Project("{FAE04EC0-301F-11D3-BF4B-00C04F79EFBC}") = "ODEV", "ODEV\ODEV.csproj", "{750275EE-024F-4758-A48D-B657776965BF}"
EndProject
Global
	GlobalSection(SolutionConfigurationPlatforms) = preSolution
		Debug|Any CPU = Debug|Any CPU
		Release|Any CPU = Release|Any CPU
	EndGlobalSection
	GlobalSection(ProjectConfigurationPlatforms) = postSolution
		{750275EE-024F-4758-A48D-B657776965BF}.Debug|Any CPU.ActiveCfg = Debug|Any CPU
		{750275EE-024F-4758-A48D-B657776965BF}.Debug|Any CPU.Build.0 = Debug|Any CPU
		{750275EE-024F-4758-A48D-B657776965BF}.Release|Any CPU.ActiveCfg = Release|Any CPU
		{750275EE-024F-4758-A48D-B657776965BF}.Release|Any CPU.Build.0 = Release|Any CPU
	EndGlobalSection
	GlobalSection(SolutionProperties) = preSolution
		HideSolutionNode = FALSE
	EndGlobalSection
	GlobalSection(ExtensibilityGlobals) = postSolution
		SolutionGuid = {35451739-1F9B-43CA-A8A1-D462DAB6ED59}
	EndGlobalSection
EndGlobal
