
Microsoft Visual Studio Solution File, Format Version 12.00
# Visual Studio Version 17
VisualStudioVersion = 17.7.34202.233
MinimumVisualStudioVersion = 10.0.40219.1
Project("{FAE04EC0-301F-11D3-BF4B-00C04F79EFBC}") = "Ornek8", "Ornek8\Ornek8.csproj", "{CEF59182-88A4-40F2-8D3C-B5F71F2B801D}"
EndProject
Global
	GlobalSection(SolutionConfigurationPlatforms) = preSolution
		Debug|Any CPU = Debug|Any CPU
		Release|Any CPU = Release|Any CPU
	EndGlobalSection
	GlobalSection(ProjectConfigurationPlatforms) = postSolution
		{CEF59182-88A4-40F2-8D3C-B5F71F2B801D}.Debug|Any CPU.ActiveCfg = Debug|Any CPU
		{CEF59182-88A4-40F2-8D3C-B5F71F2B801D}.Debug|Any CPU.Build.0 = Debug|Any CPU
		{CEF59182-88A4-40F2-8D3C-B5F71F2B801D}.Release|Any CPU.ActiveCfg = Release|Any CPU
		{CEF59182-88A4-40F2-8D3C-B5F71F2B801D}.Release|Any CPU.Build.0 = Release|Any CPU
	EndGlobalSection
	GlobalSection(SolutionProperties) = preSolution
		HideSolutionNode = FALSE
	EndGlobalSection
	GlobalSection(ExtensibilityGlobals) = postSolution
		SolutionGuid = {E1FE6DEF-4E18-4B43-9191-B2DB30D1FA09}
	EndGlobalSection
EndGlobal
