
Microsoft Visual Studio Solution File, Format Version 12.00
# Visual Studio Version 17
VisualStudioVersion = 17.10.34928.147
MinimumVisualStudioVersion = 10.0.40219.1
Project("{FAE04EC0-301F-11D3-BF4B-00C04F79EFBC}") = "01.07.2024 _odev1", "01.07.2024 _odev1.csproj", "{914FDE5C-2697-4799-9D86-1134AA07D8F4}"
EndProject
Global
	GlobalSection(SolutionConfigurationPlatforms) = preSolution
		Debug|Any CPU = Debug|Any CPU
		Release|Any CPU = Release|Any CPU
	EndGlobalSection
	GlobalSection(ProjectConfigurationPlatforms) = postSolution
		{914FDE5C-2697-4799-9D86-1134AA07D8F4}.Debug|Any CPU.ActiveCfg = Debug|Any CPU
		{914FDE5C-2697-4799-9D86-1134AA07D8F4}.Debug|Any CPU.Build.0 = Debug|Any CPU
		{914FDE5C-2697-4799-9D86-1134AA07D8F4}.Release|Any CPU.ActiveCfg = Release|Any CPU
		{914FDE5C-2697-4799-9D86-1134AA07D8F4}.Release|Any CPU.Build.0 = Release|Any CPU
	EndGlobalSection
	GlobalSection(SolutionProperties) = preSolution
		HideSolutionNode = FALSE
	EndGlobalSection
	GlobalSection(ExtensibilityGlobals) = postSolution
		SolutionGuid = {192484C5-BA35-4E55-A14A-1481B9227576}
	EndGlobalSection
EndGlobal
